// !$*UTF8*$!
{
	archiveVersion = 1;
	classes = {
	};
	objectVersion = 46;
	objects = {

/* Begin PBXBuildFile section */
		D3D7EB9B1A96EE1B00820D4D /* AppDelegate.swift in Sources */ = {isa = PBXBuildFile; fileRef = D3D7EB9A1A96EE1B00820D4D /* AppDelegate.swift */; };
		D3D7EB9D1A96EE1B00820D4D /* ViewController.swift in Sources */ = {isa = PBXBuildFile; fileRef = D3D7EB9C1A96EE1B00820D4D /* ViewController.swift */; };
		D3D7EBA01A96EE1B00820D4D /* Main.storyboard in Resources */ = {isa = PBXBuildFile; fileRef = D3D7EB9E1A96EE1B00820D4D /* Main.storyboard */; };
		D3D7EBA21A96EE1B00820D4D /* Images.xcassets in Resources */ = {isa = PBXBuildFile; fileRef = D3D7EBA11A96EE1B00820D4D /* Images.xcassets */; };
		D3D7EBA51A96EE1B00820D4D /* LaunchScreen.xib in Resources */ = {isa = PBXBuildFile; fileRef = D3D7EBA31A96EE1B00820D4D /* LaunchScreen.xib */; };
		D3D7EBB11A96EE1B00820D4D /* Shoe_Size_ConverterTests.swift in Sources */ = {isa = PBXBuildFile; fileRef = D3D7EBB01A96EE1B00820D4D /* Shoe_Size_ConverterTests.swift */; };
/* End PBXBuildFile section */

/* Begin PBXContainerItemProxy section */
		D3D7EBAB1A96EE1B00820D4D /* PBXContainerItemProxy */ = {
			isa = PBXContainerItemProxy;
			containerPortal = D3D7EB8D1A96EE1B00820D4D /* Project object */;
			proxyType = 1;
			remoteGlobalIDString = D3D7EB941A96EE1B00820D4D;
			remoteInfo = "Shoe Size Converter";
		};
/* End PBXContainerItemProxy section */

/* Begin PBXFileReference section */
		D3D7EB951A96EE1B00820D4D /* Shoe Size Converter.app */ = {isa = PBXFileReference; explicitFileType = wrapper.application; includeInIndex = 0; path = "Shoe Size Converter.app"; sourceTree = BUILT_PRODUCTS_DIR; };
		D3D7EB991A96EE1B00820D4D /* Info.plist */ = {isa = PBXFileReference; lastKnownFileType = text.plist.xml; path = Info.plist; sourceTree = "<group>"; };
		D3D7EB9A1A96EE1B00820D4D /* AppDelegate.swift */ = {isa = PBXFileReference; lastKnownFileType = sourcecode.swift; path = AppDelegate.swift; sourceTree = "<group>"; };
		D3D7EB9C1A96EE1B00820D4D /* ViewController.swift */ = {isa = PBXFileReference; lastKnownFileType = sourcecode.swift; path = ViewController.swift; sourceTree = "<group>"; };
		D3D7EB9F1A96EE1B00820D4D /* Base */ = {isa = PBXFileReference; lastKnownFileType = file.storyboard; name = Base; path = Base.lproj/Main.storyboard; sourceTree = "<group>"; };
		D3D7EBA11A96EE1B00820D4D /* Images.xcassets */ = {isa = PBXFileReference; lastKnownFileType = folder.assetcatalog; path = Images.xcassets; sourceTree = "<group>"; };
		D3D7EBA41A96EE1B00820D4D /* Base */ = {isa = PBXFileReference; lastKnownFileType = file.xib; name = Base; path = Base.lproj/LaunchScreen.xib; sourceTree = "<group>"; };
		D3D7EBAA1A96EE1B00820D4D /* Shoe Size ConverterTests.xctest */ = {isa = PBXFileReference; explicitFileType = wrapper.cfbundle; includeInIndex = 0; path = "Shoe Size ConverterTests.xctest"; sourceTree = BUILT_PRODUCTS_DIR; };
		D3D7EBAF1A96EE1B00820D4D /* Info.plist */ = {isa = PBXFileReference; lastKnownFileType = text.plist.xml; path = Info.plist; sourceTree = "<group>"; };
		D3D7EBB01A96EE1B00820D4D /* Shoe_Size_ConverterTests.swift */ = {isa = PBXFileReference; lastKnownFileType = sourcecode.swift; path = Shoe_Size_ConverterTests.swift; sourceTree = "<group>"; };
/* End PBXFileReference section */

/* Begin PBXFrameworksBuildPhase section */
		D3D7EB921A96EE1B00820D4D /* Frameworks */ = {
			isa = PBXFrameworksBuildPhase;
			buildActionMask = 2147483647;
			files = (
			);
			runOnlyForDeploymentPostprocessing = 0;
		};
		D3D7EBA71A96EE1B00820D4D /* Frameworks */ = {
			isa = PBXFrameworksBuildPhase;
			buildActionMask = 2147483647;
			files = (
			);
			runOnlyForDeploymentPostprocessing = 0;
		};
/* End PBXFrameworksBuildPhase section */

/* Begin PBXGroup section */
		D3D7EB8C1A96EE1B00820D4D = {
			isa = PBXGroup;
			children = (
				D3D7EB971A96EE1B00820D4D /* Shoe Size Converter */,
				D3D7EBAD1A96EE1B00820D4D /* Shoe Size ConverterTests */,
				D3D7EB961A96EE1B00820D4D /* Products */,
			);
			sourceTree = "<group>";
		};
		D3D7EB961A96EE1B00820D4D /* Products */ = {
			isa = PBXGroup;
			children = (
				D3D7EB951A96EE1B00820D4D /* Shoe Size Converter.app */,
				D3D7EBAA1A96EE1B00820D4D /* Shoe Size ConverterTests.xctest */,
			);
			name = Products;
			sourceTree = "<group>";
		};
		D3D7EB971A96EE1B00820D4D /* Shoe Size Converter */ = {
			isa = PBXGroup;
			children = (
				D3D7EB9A1A96EE1B00820D4D /* AppDelegate.swift */,
				D3D7EB9C1A96EE1B00820D4D /* ViewController.swift */,
				D3D7EB9E1A96EE1B00820D4D /* Main.storyboard */,
				D3D7EBA11A96EE1B00820D4D /* Images.xcassets */,
				D3D7EBA31A96EE1B00820D4D /* LaunchScreen.xib */,
				D3D7EB981A96EE1B00820D4D /* Supporting Files */,
			);
			path = "Shoe Size Converter";
			sourceTree = "<group>";
		};
		D3D7EB981A96EE1B00820D4D /* Supporting Files */ = {
			isa = PBXGroup;
			children = (
				D3D7EB991A96EE1B00820D4D /* Info.plist */,
			);
			name = "Supporting Files";
			sourceTree = "<group>";
		};
		D3D7EBAD1A96EE1B00820D4D /* Shoe Size ConverterTests */ = {
			isa = PBXGroup;
			children = (
				D3D7EBB01A96EE1B00820D4D /* Shoe_Size_ConverterTests.swift */,
				D3D7EBAE1A96EE1B00820D4D /* Supporting Files */,
			);
			path = "Shoe Size ConverterTests";
			sourceTree = "<group>";
		};
		D3D7EBAE1A96EE1B00820D4D /* Supporting Files */ = {
			isa = PBXGroup;
			children = (
				D3D7EBAF1A96EE1B00820D4D /* Info.plist */,
			);
			name = "Supporting Files";
			sourceTree = "<group>";
		};
/* End PBXGroup section */

/* Begin PBXNativeTarget section */
		D3D7EB941A96EE1B00820D4D /* Shoe Size Converter */ = {
			isa = PBXNativeTarget;
			buildConfigurationList = D3D7EBB41A96EE1B00820D4D /* Build configuration list for PBXNativeTarget "Shoe Size Converter" */;
			buildPhases = (
				D3D7EB911A96EE1B00820D4D /* Sources */,
				D3D7EB921A96EE1B00820D4D /* Frameworks */,
				D3D7EB931A96EE1B00820D4D /* Resources */,
			);
			buildRules = (
			);
			dependencies = (
			);
			name = "Shoe Size Converter";
			productName = "Shoe Size Converter";
			productReference = D3D7EB951A96EE1B00820D4D /* Shoe Size Converter.app */;
			productType = "com.apple.product-type.application";
		};
		D3D7EBA91A96EE1B00820D4D /* Shoe Size ConverterTests */ = {
			isa = PBXNativeTarget;
			buildConfigurationList = D3D7EBB71A96EE1B00820D4D /* Build configuration list for PBXNativeTarget "Shoe Size ConverterTests" */;
			buildPhases = (
				D3D7EBA61A96EE1B00820D4D /* Sources */,
				D3D7EBA71A96EE1B00820D4D /* Frameworks */,
				D3D7EBA81A96EE1B00820D4D /* Resources */,
			);
			buildRules = (
			);
			dependencies = (
				D3D7EBAC1A96EE1B00820D4D /* PBXTargetDependency */,
			);
			name = "Shoe Size ConverterTests";
			productName = "Shoe Size ConverterTests";
			productReference = D3D7EBAA1A96EE1B00820D4D /* Shoe Size ConverterTests.xctest */;
			productType = "com.apple.product-type.bundle.unit-test";
		};
/* End PBXNativeTarget section */

/* Begin PBXProject section */
		D3D7EB8D1A96EE1B00820D4D /* Project object */ = {
			isa = PBXProject;
			attributes = {
				LastUpgradeCheck = 0610;
				ORGANIZATIONNAME = "Brian Canty";
				TargetAttributes = {
					D3D7EB941A96EE1B00820D4D = {
						CreatedOnToolsVersion = 6.1.1;
					};
					D3D7EBA91A96EE1B00820D4D = {
						CreatedOnToolsVersion = 6.1.1;
						TestTargetID = D3D7EB941A96EE1B00820D4D;
					};
				};
			};
			buildConfigurationList = D3D7EB901A96EE1B00820D4D /* Build configuration list for PBXProject "Shoe Size Converter" */;
			compatibilityVersion = "Xcode 3.2";
			developmentRegion = English;
			hasScannedForEncodings = 0;
			knownRegions = (
				en,
				Base,
			);
			mainGroup = D3D7EB8C1A96EE1B00820D4D;
			productRefGroup = D3D7EB961A96EE1B00820D4D /* Products */;
			projectDirPath = "";
			projectRoot = "";
			targets = (
				D3D7EB941A96EE1B00820D4D /* Shoe Size Converter */,
				D3D7EBA91A96EE1B00820D4D /* Shoe Size ConverterTests */,
			);
		};
/* End PBXProject section */

/* Begin PBXResourcesBuildPhase section */
		D3D7EB931A96EE1B00820D4D /* Resources */ = {
			isa = PBXResourcesBuildPhase;
			buildActionMask = 2147483647;
			files = (
				D3D7EBA01A96EE1B00820D4D /* Main.storyboard in Resources */,
				D3D7EBA51A96EE1B00820D4D /* LaunchScreen.xib in Resources */,
				D3D7EBA21A96EE1B00820D4D /* Images.xcassets in Resources */,
			);
			runOnlyForDeploymentPostprocessing = 0;
		};
		D3D7EBA81A96EE1B00820D4D /* Resources */ = {
			isa = PBXResourcesBuildPhase;
			buildActionMask = 2147483647;
			files = (
			);
			runOnlyForDeploymentPostprocessing = 0;
		};
/* End PBXResourcesBuildPhase section */

/* Begin PBXSourcesBuildPhase section */
		D3D7EB911A96EE1B00820D4D /* Sources */ = {
			isa = PBXSourcesBuildPhase;
			buildActionMask = 2147483647;
			files = (
				D3D7EB9D1A96EE1B00820D4D /* ViewController.swift in Sources */,
				D3D7EB9B1A96EE1B00820D4D /* AppDelegate.swift in Sources */,
			);
			runOnlyForDeploymentPostprocessing = 0;
		};
		D3D7EBA61A96EE1B00820D4D /* Sources */ = {
			isa = PBXSourcesBuildPhase;
			buildActionMask = 2147483647;
			files = (
				D3D7EBB11A96EE1B00820D4D /* Shoe_Size_ConverterTests.swift in Sources */,
			);
			runOnlyForDeploymentPostprocessing = 0;
		};
/* End PBXSourcesBuildPhase section */

/* Begin PBXTargetDependency section */
		D3D7EBAC1A96EE1B00820D4D /* PBXTargetDependency */ = {
			isa = PBXTargetDependency;
			target = D3D7EB941A96EE1B00820D4D /* Shoe Size Converter */;
			targetProxy = D3D7EBAB1A96EE1B00820D4D /* PBXContainerItemProxy */;
		};
/* End PBXTargetDependency section */

/* Begin PBXVariantGroup section */
		D3D7EB9E1A96EE1B00820D4D /* Main.storyboard */ = {
			isa = PBXVariantGroup;
			children = (
				D3D7EB9F1A96EE1B00820D4D /* Base */,
			);
			name = Main.storyboard;
			sourceTree = "<group>";
		};
		D3D7EBA31A96EE1B00820D4D /* LaunchScreen.xib */ = {
			isa = PBXVariantGroup;
			children = (
				D3D7EBA41A96EE1B00820D4D /* Base */,
			);
			name = LaunchScreen.xib;
			sourceTree = "<group>";
		};
/* End PBXVariantGroup section */

/* Begin XCBuildConfiguration section */
		D3D7EBB21A96EE1B00820D4D /* Debug */ = {
			isa = XCBuildConfiguration;
			buildSettings = {
				ALWAYS_SEARCH_USER_PATHS = NO;
				CLANG_CXX_LANGUAGE_STANDARD = "gnu++0x";
				CLANG_CXX_LIBRARY = "libc++";
				CLANG_ENABLE_MODULES = YES;
				CLANG_ENABLE_OBJC_ARC = YES;
				CLANG_WARN_BOOL_CONVERSION = YES;
				CLANG_WARN_CONSTANT_CONVERSION = YES;
				CLANG_WARN_DIRECT_OBJC_ISA_USAGE = YES_ERROR;
				CLANG_WARN_EMPTY_BODY = YES;
				CLANG_WARN_ENUM_CONVERSION = YES;
				CLANG_WARN_INT_CONVERSION = YES;
				CLANG_WARN_OBJC_ROOT_CLASS = YES_ERROR;
				CLANG_WARN_UNREACHABLE_CODE = YES;
				CLANG_WARN__DUPLICATE_METHOD_MATCH = YES;
				"CODE_SIGN_IDENTITY[sdk=iphoneos*]" = "iPhone Developer";
				COPY_PHASE_STRIP = NO;
				ENABLE_STRICT_OBJC_MSGSEND = YES;
				GCC_C_LANGUAGE_STANDARD = gnu99;
				GCC_DYNAMIC_NO_PIC = NO;
				GCC_OPTIMIZATION_LEVEL = 0;
				GCC_PREPROCESSOR_DEFINITIONS = (
					"DEBUG=1",
					"$(inherited)",
				);
				GCC_SYMBOLS_PRIVATE_EXTERN = NO;
				GCC_WARN_64_TO_32_BIT_CONVERSION = YES;
				GCC_WARN_ABOUT_RETURN_TYPE = YES_ERROR;
				GCC_WARN_UNDECLARED_SELECTOR = YES;
				GCC_WARN_UNINITIALIZED_AUTOS = YES_AGGRESSIVE;
				GCC_WARN_UNUSED_FUNCTION = YES;
				GCC_WARN_UNUSED_VARIABLE = YES;
				IPHONEOS_DEPLOYMENT_TARGET = 8.1;
				MTL_ENABLE_DEBUG_INFO = YES;
				ONLY_ACTIVE_ARCH = YES;
				SDKROOT = iphoneos;
				SWIFT_OPTIMIZATION_LEVEL = "-Onone";
				TARGETED_DEVICE_FAMILY = "1,2";
			};
			name = Debug;
		};
		D3D7EBB31A96EE1B00820D4D /* Release */ = {
			isa = XCBuildConfiguration;
			buildSettings = {
				ALWAYS_SEARCH_USER_PATHS = NO;
				CLANG_CXX_LANGUAGE_STANDARD = "gnu++0x";
				CLANG_CXX_LIBRARY = "libc++";
				CLANG_ENABLE_MODULES = YES;
				CLANG_ENABLE_OBJC_ARC = YES;
				CLANG_WARN_BOOL_CONVERSION = YES;
				CLANG_WARN_CONSTANT_CONVERSION = YES;
				CLANG_WARN_DIRECT_OBJC_ISA_USAGE = YES_ERROR;
				CLANG_WARN_EMPTY_BODY = YES;
				CLANG_WARN_ENUM_CONVERSION = YES;
				CLANG_WARN_INT_CONVERSION = YES;
				CLANG_WARN_OBJC_ROOT_CLASS = YES_ERROR;
				CLANG_WARN_UNREACHABLE_CODE = YES;
				CLANG_WARN__DUPLICATE_METHOD_MATCH = YES;
				"CODE_SIGN_IDENTITY[sdk=iphoneos*]" = "iPhone Developer";
				COPY_PHASE_STRIP = YES;
				ENABLE_NS_ASSERTIONS = NO;
				ENABLE_STRICT_OBJC_MSGSEND = YES;
				GCC_C_LANGUAGE_STANDARD = gnu99;
				GCC_WARN_64_TO_32_BIT_CONVERSION = YES;
				GCC_WARN_ABOUT_RETURN_TYPE = YES_ERROR;
				GCC_WARN_UNDECLARED_SELECTOR = YES;
				GCC_WARN_UNINITIALIZED_AUTOS = YES_AGGRESSIVE;
				GCC_WARN_UNUSED_FUNCTION = YES;
				GCC_WARN_UNUSED_VARIABLE = YES;
				IPHONEOS_DEPLOYMENT_TARGET = 8.1;
				MTL_ENABLE_DEBUG_INFO = NO;
				SDKROOT = iphoneos;
				TARGETED_DEVICE_FAMILY = "1,2";
				VALIDATE_PRODUCT = YES;
			};
			name = Release;
		};
		D3D7EBB51A96EE1B00820D4D /* Debug */ = {
			isa = XCBuildConfiguration;
			buildSettings = {
				ASSETCATALOG_COMPILER_APPICON_NAME = AppIcon;
				INFOPLIST_FILE = "Shoe Size Converter/Info.plist";
				LD_RUNPATH_SEARCH_PATHS = "$(inherited) @executable_path/Frameworks";
				PRODUCT_NAME = "$(TARGET_NAME)";
			};
			name = Debug;
		};
		D3D7EBB61A96EE1B00820D4D /* Release */ = {
			isa = XCBuildConfiguration;
			buildSettings = {
				ASSETCATALOG_COMPILER_APPICON_NAME = AppIcon;
				INFOPLIST_FILE = "Shoe Size Converter/Info.plist";
				LD_RUNPATH_SEARCH_PATHS = "$(inherited) @executable_path/Frameworks";
				PRODUCT_NAME = "$(TARGET_NAME)";
			};
			name = Release;
		};
		D3D7EBB81A96EE1B00820D4D /* Debug */ = {
			isa = XCBuildConfiguration;
			buildSettings = {
				BUNDLE_LOADER = "$(TEST_HOST)";
				FRAMEWORK_SEARCH_PATHS = (
					"$(SDKROOT)/Developer/Library/Frameworks",
					"$(inherited)",
				);
				GCC_PREPROCESSOR_DEFINITIONS = (
					"DEBUG=1",
					"$(inherited)",
				);
				INFOPLIST_FILE = "Shoe Size ConverterTests/Info.plist";
				LD_RUNPATH_SEARCH_PATHS = "$(inherited) @executable_path/Frameworks @loader_path/Frameworks";
				PRODUCT_NAME = "$(TARGET_NAME)";
				TEST_HOST = "$(BUILT_PRODUCTS_DIR)/Shoe Size Converter.app/Shoe Size Converter";
			};
			name = Debug;
		};
		D3D7EBB91A96EE1B00820D4D /* Release */ = {
			isa = XCBuildConfiguration;
			buildSettings = {
				BUNDLE_LOADER = "$(TEST_HOST)";
				FRAMEWORK_SEARCH_PATHS = (
					"$(SDKROOT)/Developer/Library/Frameworks",
					"$(inherited)",
				);
				INFOPLIST_FILE = "Shoe Size ConverterTests/Info.plist";
				LD_RUNPATH_SEARCH_PATHS = "$(inherited) @executable_path/Frameworks @loader_path/Frameworks";
				PRODUCT_NAME = "$(TARGET_NAME)";
				TEST_HOST = "$(BUILT_PRODUCTS_DIR)/Shoe Size Converter.app/Shoe Size Converter";
			};
			name = Release;
		};
/* End XCBuildConfiguration section */

/* Begin XCConfigurationList section */
		D3D7EB901A96EE1B00820D4D /* Build configuration list for PBXProject "Shoe Size Converter" */ = {
			isa = XCConfigurationList;
			buildConfigurations = (
				D3D7EBB21A96EE1B00820D4D /* Debug */,
				D3D7EBB31A96EE1B00820D4D /* Release */,
			);
			defaultConfigurationIsVisible = 0;
			defaultConfigurationName = Release;
		};
		D3D7EBB41A96EE1B00820D4D /* Build configuration list for PBXNativeTarget "Shoe Size Converter" */ = {
			isa = XCConfigurationList;
			buildConfigurations = (
				D3D7EBB51A96EE1B00820D4D /* Debug */,
				D3D7EBB61A96EE1B00820D4D /* Release */,
			);
			defaultConfigurationIsVisible = 0;
		};
		D3D7EBB71A96EE1B00820D4D /* Build configuration list for PBXNativeTarget "Shoe Size ConverterTests" */ = {
			isa = XCConfigurationList;
			buildConfigurations = (
				D3D7EBB81A96EE1B00820D4D /* Debug */,
				D3D7EBB91A96EE1B00820D4D /* Release */,
			);
			defaultConfigurationIsVisible = 0;
		};
/* End XCConfigurationList section */
	};
	rootObject = D3D7EB8D1A96EE1B00820D4D /* Project object */;
}
